# This file is generated by running "yarn install" inside your project.
# Manual changes might be lost - proceed with caution!

__metadata:
  version: 8
  cacheKey: 10c0

"@esbuild/aix-ppc64@npm:0.23.1":
  version: 0.23.1
  resolution: "@esbuild/aix-ppc64@npm:0.23.1"
  conditions: os=aix & cpu=ppc64
  languageName: node
  linkType: hard

"@esbuild/android-arm64@npm:0.23.1":
  version: 0.23.1
  resolution: "@esbuild/android-arm64@npm:0.23.1"
  conditions: os=android & cpu=arm64
  languageName: node
  linkType: hard

"@esbuild/android-arm@npm:0.23.1":
  version: 0.23.1
  resolution: "@esbuild/android-arm@npm:0.23.1"
  conditions: os=android & cpu=arm
  languageName: node
  linkType: hard

"@esbuild/android-x64@npm:0.23.1":
  version: 0.23.1
  resolution: "@esbuild/android-x64@npm:0.23.1"
  conditions: os=android & cpu=x64
  languageName: node
  linkType: hard

"@esbuild/darwin-arm64@npm:0.23.1":
  version: 0.23.1
  resolution: "@esbuild/darwin-arm64@npm:0.23.1"
  conditions: os=darwin & cpu=arm64
  languageName: node
  linkType: hard

"@esbuild/darwin-x64@npm:0.23.1":
  version: 0.23.1
  resolution: "@esbuild/darwin-x64@npm:0.23.1"
  conditions: os=darwin & cpu=x64
  languageName: node
  linkType: hard

"@esbuild/freebsd-arm64@npm:0.23.1":
  version: 0.23.1
  resolution: "@esbuild/freebsd-arm64@npm:0.23.1"
  conditions: os=freebsd & cpu=arm64
  languageName: node
  linkType: hard

"@esbuild/freebsd-x64@npm:0.23.1":
  version: 0.23.1
  resolution: "@esbuild/freebsd-x64@npm:0.23.1"
  conditions: os=freebsd & cpu=x64
  languageName: node
  linkType: hard

"@esbuild/linux-arm64@npm:0.23.1":
  version: 0.23.1
  resolution: "@esbuild/linux-arm64@npm:0.23.1"
  conditions: os=linux & cpu=arm64
  languageName: node
  linkType: hard

"@esbuild/linux-arm@npm:0.23.1":
  version: 0.23.1
  resolution: "@esbuild/linux-arm@npm:0.23.1"
  conditions: os=linux & cpu=arm
  languageName: node
  linkType: hard

"@esbuild/linux-ia32@npm:0.23.1":
  version: 0.23.1
  resolution: "@esbuild/linux-ia32@npm:0.23.1"
  conditions: os=linux & cpu=ia32
  languageName: node
  linkType: hard

"@esbuild/linux-loong64@npm:0.23.1":
  version: 0.23.1
  resolution: "@esbuild/linux-loong64@npm:0.23.1"
  conditions: os=linux & cpu=loong64
  languageName: node
  linkType: hard

"@esbuild/linux-mips64el@npm:0.23.1":
  version: 0.23.1
  resolution: "@esbuild/linux-mips64el@npm:0.23.1"
  conditions: os=linux & cpu=mips64el
  languageName: node
  linkType: hard

"@esbuild/linux-ppc64@npm:0.23.1":
  version: 0.23.1
  resolution: "@esbuild/linux-ppc64@npm:0.23.1"
  conditions: os=linux & cpu=ppc64
  languageName: node
  linkType: hard

"@esbuild/linux-riscv64@npm:0.23.1":
  version: 0.23.1
  resolution: "@esbuild/linux-riscv64@npm:0.23.1"
  conditions: os=linux & cpu=riscv64
  languageName: node
  linkType: hard

"@esbuild/linux-s390x@npm:0.23.1":
  version: 0.23.1
  resolution: "@esbuild/linux-s390x@npm:0.23.1"
  conditions: os=linux & cpu=s390x
  languageName: node
  linkType: hard

"@esbuild/linux-x64@npm:0.23.1":
  version: 0.23.1
  resolution: "@esbuild/linux-x64@npm:0.23.1"
  conditions: os=linux & cpu=x64
  languageName: node
  linkType: hard

"@esbuild/netbsd-x64@npm:0.23.1":
  version: 0.23.1
  resolution: "@esbuild/netbsd-x64@npm:0.23.1"
  conditions: os=netbsd & cpu=x64
  languageName: node
  linkType: hard

"@esbuild/openbsd-arm64@npm:0.23.1":
  version: 0.23.1
  resolution: "@esbuild/openbsd-arm64@npm:0.23.1"
  conditions: os=openbsd & cpu=arm64
  languageName: node
  linkType: hard

"@esbuild/openbsd-x64@npm:0.23.1":
  version: 0.23.1
  resolution: "@esbuild/openbsd-x64@npm:0.23.1"
  conditions: os=openbsd & cpu=x64
  languageName: node
  linkType: hard

"@esbuild/sunos-x64@npm:0.23.1":
  version: 0.23.1
  resolution: "@esbuild/sunos-x64@npm:0.23.1"
  conditions: os=sunos & cpu=x64
  languageName: node
  linkType: hard

"@esbuild/win32-arm64@npm:0.23.1":
  version: 0.23.1
  resolution: "@esbuild/win32-arm64@npm:0.23.1"
  conditions: os=win32 & cpu=arm64
  languageName: node
  linkType: hard

"@esbuild/win32-ia32@npm:0.23.1":
  version: 0.23.1
  resolution: "@esbuild/win32-ia32@npm:0.23.1"
  conditions: os=win32 & cpu=ia32
  languageName: node
  linkType: hard

"@esbuild/win32-x64@npm:0.23.1":
  version: 0.23.1
  resolution: "@esbuild/win32-x64@npm:0.23.1"
  conditions: os=win32 & cpu=x64
  languageName: node
  linkType: hard

"@msagl/core@npm:^1.1.22":
  version: 1.1.22
  resolution: "@msagl/core@npm:1.1.22"
  dependencies:
    linked-list-typed: "npm:^1.52.0"
    queue-typescript: "npm:^1.0.1"
    reliable-random: "npm:^0.0.1"
    stack-typescript: "npm:^1.0.4"
    typescript-string-operations: "npm:^1.4.1"
  checksum: 10c0/e7af4b671214977497fb2573df060adbe1b3375dc1deb5d2ad63bddca3eab380780d289ac51162b3146bb0fcc188ce2317364b36f9ee5c50f783ab27ca8d8e4b
  languageName: node
  linkType: hard

"@msagl/drawing@npm:^1.1.22":
  version: 1.1.22
  resolution: "@msagl/drawing@npm:1.1.22"
  dependencies:
    "@msagl/core": "npm:^1.1.22"
  checksum: 10c0/7814e35470d6b63f9fb8352dc45fe5880e2622431ad238814e6bf0bc71dcc34c83e373a9c00c366b8855eb5917ee18c582ccd2c9aff075c3219d5fe910e4834b
  languageName: node
  linkType: hard

"@msagl/parser@npm:^1.1.22":
  version: 1.1.22
  resolution: "@msagl/parser@npm:1.1.22"
  dependencies:
    "@msagl/core": "npm:^1.1.22"
    "@msagl/drawing": "npm:^1.1.22"
    "@types/parse-color": "npm:^1.0.1"
    dotparser: "npm:^1.1.1"
    parse-color: "npm:^1.0.0"
  checksum: 10c0/ced5582b960ea203aca6f31eeb223fe45e1ade9964e91e421fc19411c125c48e7f83fc723cb0e48c3cbc44f3c0153198e2857041d8d4b8b09fa38a9beb148623
  languageName: node
  linkType: hard

"@msagl/renderer-common@npm:^1.1.24":
  version: 1.1.24
  resolution: "@msagl/renderer-common@npm:1.1.24"
  dependencies:
    "@msagl/core": "npm:^1.1.22"
    "@msagl/drawing": "npm:^1.1.22"
    "@msagl/parser": "npm:^1.1.22"
  checksum: 10c0/bad73b9bde1acedcfe986639e5758233ba690724b4037fb778c59388b7afa356c6b1cd3b5517576296d1e7ead75abf9b99a8afce989e7df7efd46aba56f6a901
  languageName: node
  linkType: hard

"@msagl/renderer-svg@npm:^1.1.24":
  version: 1.1.24
  resolution: "@msagl/renderer-svg@npm:1.1.24"
  dependencies:
    "@msagl/core": "npm:^1.1.22"
    "@msagl/parser": "npm:^1.1.22"
    "@msagl/renderer-common": "npm:^1.1.24"
    panzoom: "npm:^9.4.2"
  checksum: 10c0/245fbd0e3f0684c3224a40a8cd8e47c0ff3cfb1103a3009db13e631125dd4b4b27ddb75ecbf40ffecb400047aa7a8d1f8244e7e15047ebef5b2daef41e0c1040
  languageName: node
  linkType: hard

"@types/node@npm:^22.5.4":
  version: 22.5.4
  resolution: "@types/node@npm:22.5.4"
  dependencies:
    undici-types: "npm:~6.19.2"
  checksum: 10c0/b445daa7eecd761ad4d778b882d6ff7bcc3b4baad2086ea9804db7c5d4a4ab0298b00d7f5315fc640a73b5a1d52bbf9628e09c9fec0cf44dbf9b4df674a8717d
  languageName: node
  linkType: hard

"@types/parse-color@npm:^1.0.1":
  version: 1.0.3
  resolution: "@types/parse-color@npm:1.0.3"
  checksum: 10c0/d7744b56ebc603d77dd2abbc45c9027f65aeb855e619711ceebe23b3fa470da88fe213838509014ce4edc5930c5e82bb511be4e8e9dd85948fd1d5f98b9be176
  languageName: node
  linkType: hard

"amator@npm:^1.1.0":
  version: 1.1.0
  resolution: "amator@npm:1.1.0"
  dependencies:
    bezier-easing: "npm:^2.0.3"
  checksum: 10c0/5a423e4447631aeac0810720cf6cf3a7c58cd5f2694266f6b12396625a2ecca13459d9a4f6d1fca1718421ad138718a31943bb897727872277b7461ff8e8770f
  languageName: node
  linkType: hard

"bezier-easing@npm:^2.0.3":
  version: 2.1.0
  resolution: "bezier-easing@npm:2.1.0"
  checksum: 10c0/138a160698de3c12501479cc80280d5cc0ab47df73e20d7b5058cba6d62c0876eb97e63aa1e398233269aa2a6bb396fb0ee394da391de7258c9da20729df5158
  languageName: node
  linkType: hard

"color-convert@npm:~0.5.0":
  version: 0.5.3
  resolution: "color-convert@npm:0.5.3"
  checksum: 10c0/324b863446bab6c5f88cb0010c3a16a6ca6bf6709eb7b7b3482d3e9ca6cfcfa690c25c1151bd2dc6279a0f4e2c593630486a2b9caae3c3eb96b82f5408e23e54
  languageName: node
  linkType: hard

"data-structure-typed@npm:^1.52.3":
  version: 1.52.3
  resolution: "data-structure-typed@npm:1.52.3"
  checksum: 10c0/c2225f8814d1dd87a02de8f8f805b3118721a7f593c3f0e3524ab96532b55eeeb757319b607743a9c4e6984df9e276cb595a7ab6c880a229d3dd510e7b1f6370
  languageName: node
  linkType: hard

"dotparser@npm:^1.1.1":
  version: 1.1.1
  resolution: "dotparser@npm:1.1.1"
  checksum: 10c0/52c1a9404eb9d1dcb4c78218996b423b580d57852863f67f292053795ec212da55f4c16c30c0481acc7abfe9e338162d7faadf2a0a931062295760d5f632a15c
  languageName: node
  linkType: hard

"esbuild@npm:^0.23.1":
  version: 0.23.1
  resolution: "esbuild@npm:0.23.1"
  dependencies:
    "@esbuild/aix-ppc64": "npm:0.23.1"
    "@esbuild/android-arm": "npm:0.23.1"
    "@esbuild/android-arm64": "npm:0.23.1"
    "@esbuild/android-x64": "npm:0.23.1"
    "@esbuild/darwin-arm64": "npm:0.23.1"
    "@esbuild/darwin-x64": "npm:0.23.1"
    "@esbuild/freebsd-arm64": "npm:0.23.1"
    "@esbuild/freebsd-x64": "npm:0.23.1"
    "@esbuild/linux-arm": "npm:0.23.1"
    "@esbuild/linux-arm64": "npm:0.23.1"
    "@esbuild/linux-ia32": "npm:0.23.1"
    "@esbuild/linux-loong64": "npm:0.23.1"
    "@esbuild/linux-mips64el": "npm:0.23.1"
    "@esbuild/linux-ppc64": "npm:0.23.1"
    "@esbuild/linux-riscv64": "npm:0.23.1"
    "@esbuild/linux-s390x": "npm:0.23.1"
    "@esbuild/linux-x64": "npm:0.23.1"
    "@esbuild/netbsd-x64": "npm:0.23.1"
    "@esbuild/openbsd-arm64": "npm:0.23.1"
    "@esbuild/openbsd-x64": "npm:0.23.1"
    "@esbuild/sunos-x64": "npm:0.23.1"
    "@esbuild/win32-arm64": "npm:0.23.1"
    "@esbuild/win32-ia32": "npm:0.23.1"
    "@esbuild/win32-x64": "npm:0.23.1"
  dependenciesMeta:
    "@esbuild/aix-ppc64":
      optional: true
    "@esbuild/android-arm":
      optional: true
    "@esbuild/android-arm64":
      optional: true
    "@esbuild/android-x64":
      optional: true
    "@esbuild/darwin-arm64":
      optional: true
    "@esbuild/darwin-x64":
      optional: true
    "@esbuild/freebsd-arm64":
      optional: true
    "@esbuild/freebsd-x64":
      optional: true
    "@esbuild/linux-arm":
      optional: true
    "@esbuild/linux-arm64":
      optional: true
    "@esbuild/linux-ia32":
      optional: true
    "@esbuild/linux-loong64":
      optional: true
    "@esbuild/linux-mips64el":
      optional: true
    "@esbuild/linux-ppc64":
      optional: true
    "@esbuild/linux-riscv64":
      optional: true
    "@esbuild/linux-s390x":
      optional: true
    "@esbuild/linux-x64":
      optional: true
    "@esbuild/netbsd-x64":
      optional: true
    "@esbuild/openbsd-arm64":
      optional: true
    "@esbuild/openbsd-x64":
      optional: true
    "@esbuild/sunos-x64":
      optional: true
    "@esbuild/win32-arm64":
      optional: true
    "@esbuild/win32-ia32":
      optional: true
    "@esbuild/win32-x64":
      optional: true
  bin:
    esbuild: bin/esbuild
  checksum: 10c0/08c2ed1105cc3c5e3a24a771e35532fe6089dd24a39c10097899072cef4a99f20860e41e9294e000d86380f353b04d8c50af482483d7f69f5208481cce61eec7
  languageName: node
  linkType: hard

"komok-tech-di-ez-graph-visualizer@workspace:.":
  version: 0.0.0-use.local
  resolution: "komok-tech-di-ez-graph-visualizer@workspace:."
  dependencies:
    "@msagl/core": "npm:^1.1.22"
    "@msagl/drawing": "npm:^1.1.22"
    "@msagl/parser": "npm:^1.1.22"
    "@msagl/renderer-svg": "npm:^1.1.24"
    "@types/node": "npm:^22.5.4"
    esbuild: "npm:^0.23.1"
    queue-typescript: "npm:^1.0.1"
    typescript: "npm:^5.6.2"
    typescript-string-operations: "npm:^1.5.1"
  languageName: unknown
  linkType: soft

"linked-list-typed@npm:^1.52.0":
  version: 1.52.3
  resolution: "linked-list-typed@npm:1.52.3"
  dependencies:
    data-structure-typed: "npm:^1.52.3"
  checksum: 10c0/1003e6cf7fe5872d82ea6223708620e0fe21d0917b7bd16275c75b84b654af8f0e0c54b40070008dc8fd2a6809473e9f424bbe2c8c7eadac8472f6208580367e
  languageName: node
  linkType: hard

"linked-list-typescript@npm:^1.0.11":
  version: 1.0.15
  resolution: "linked-list-typescript@npm:1.0.15"
  checksum: 10c0/e5af0314949fa80c035466c5bf4bd16e6d83dab9cf566a65e25e05fe8e1c639a87258ef4cd11f913553f67bd807fbf8ee25f0cf1bc1e6d44191994aff1370ab6
  languageName: node
  linkType: hard

"ngraph.events@npm:^1.2.2":
  version: 1.2.2
  resolution: "ngraph.events@npm:1.2.2"
  checksum: 10c0/98942bb9052ab634c304f7c29b2bb29fe61f672bc131639a2b3b9611b16e810ee7ff883b2b97a6e1ad0c190b8791e116455c66a515100ad0e593547e28d8026b
  languageName: node
  linkType: hard

"panzoom@npm:^9.4.2":
  version: 9.4.3
  resolution: "panzoom@npm:9.4.3"
  dependencies:
    amator: "npm:^1.1.0"
    ngraph.events: "npm:^1.2.2"
    wheel: "npm:^1.0.0"
  checksum: 10c0/5e721f18c1f8e77fb21a5f088343822aa32d345dc1e9777c1ad51095b82311c6469ad6df9eebdd7063ee6363301b9ff418c773fcf53ebcb7ab8e3bf9e1bccfbe
  languageName: node
  linkType: hard

"parse-color@npm:^1.0.0":
  version: 1.0.0
  resolution: "parse-color@npm:1.0.0"
  dependencies:
    color-convert: "npm:~0.5.0"
  checksum: 10c0/53b864bd91f9e3134e8d05b834c42c9ece76c6c3426fe979c36fc0452cfd9c8cbe8c7497cd7ddd8436a5878cd43af982a5eaf85908f69a6de0fe3daf122b65f7
  languageName: node
  linkType: hard

"queue-typescript@npm:^1.0.1":
  version: 1.0.1
  resolution: "queue-typescript@npm:1.0.1"
  dependencies:
    linked-list-typescript: "npm:^1.0.11"
  checksum: 10c0/017befe355bdd614eea9099848bbe569c5a14755e5f6afd454c8a1955ce0bbaf4993fb01239036f5039c1a9921892d1bba8f5afbb2d56a10827c89ce991230ca
  languageName: node
  linkType: hard

"reliable-random@npm:^0.0.1":
  version: 0.0.1
  resolution: "reliable-random@npm:0.0.1"
  checksum: 10c0/909d3ff5cc038268351db2e55576bdd2ec8c920ba7ea26e23c5de163662e72dded7222f4c9baa5856513dd9cd4d1d0d5d98b250207382fbdeab9805d577a918d
  languageName: node
  linkType: hard

"stack-typescript@npm:^1.0.4":
  version: 1.0.4
  resolution: "stack-typescript@npm:1.0.4"
  dependencies:
    linked-list-typescript: "npm:^1.0.11"
  checksum: 10c0/c2ba2bc6f6221ae1f93b03f3f83bca50419d8704a6a4fb3f77178b695b96ce1945d72f58ad30ff08375ef398a18f57dd35e2ab1e0286b2fa15f9e9eda6a2f02a
  languageName: node
  linkType: hard

"typescript-string-operations@npm:^1.4.1, typescript-string-operations@npm:^1.5.1":
  version: 1.5.1
  resolution: "typescript-string-operations@npm:1.5.1"
  checksum: 10c0/f13167858fa4b5d6a70b9754dfece773bbc7789fbfb09c6ef48aefa18cbb77b29101a3ef37c9b5eb45fcdead3fd1b6ba5eccaecac330d52b53f9431e3a9059a1
  languageName: node
  linkType: hard

"typescript@npm:^5.6.2":
  version: 5.6.2
  resolution: "typescript@npm:5.6.2"
  bin:
    tsc: bin/tsc
    tsserver: bin/tsserver
  checksum: 10c0/3ed8297a8c7c56b7fec282532503d1ac795239d06e7c4966b42d4330c6cf433a170b53bcf93a130a7f14ccc5235de5560df4f1045eb7f3550b46ebed16d3c5e5
  languageName: node
  linkType: hard

"typescript@patch:typescript@npm%3A^5.6.2#optional!builtin<compat/typescript>":
  version: 5.6.2
  resolution: "typescript@patch:typescript@npm%3A5.6.2#optional!builtin<compat/typescript>::version=5.6.2&hash=8c6c40"
  bin:
    tsc: bin/tsc
    tsserver: bin/tsserver
  checksum: 10c0/94eb47e130d3edd964b76da85975601dcb3604b0c848a36f63ac448d0104e93819d94c8bdf6b07c00120f2ce9c05256b8b6092d23cf5cf1c6fa911159e4d572f
  languageName: node
  linkType: hard

"undici-types@npm:~6.19.2":
  version: 6.19.8
  resolution: "undici-types@npm:6.19.8"
  checksum: 10c0/078afa5990fba110f6824823ace86073b4638f1d5112ee26e790155f481f2a868cc3e0615505b6f4282bdf74a3d8caad715fd809e870c2bb0704e3ea6082f344
  languageName: node
  linkType: hard

"wheel@npm:^1.0.0":
  version: 1.0.0
  resolution: "wheel@npm:1.0.0"
  checksum: 10c0/3c9241fd9d99a9d77d6fc6fef2d8002bdf328594cfa63956d5e7688e61a9cb4252e4f86dec96c8a6c07c031509889b8100cbc1d6de1fa7f9863fa195569d3244
  languageName: node
  linkType: hard
